Microsoft Visual Studio Solution File, Format Version 12.00
# Visual Studio Version 17
VisualStudioVersion = 17.6.33815.320
MinimumVisualStudioVersion = 10.0.40219.1
Project("{9A19103F-16F7-4668-BE54-9A1E7A4F7556}") = "TreeContainer", "TreeContainer\TreeContainer.csproj", "{88B86170-EC9F-4ACF-B96E-0F97C28F57BA}"
EndProject
Project("{9A19103F-16F7-4668-BE54-9A1E7A4F7556}") = "TalkerMakerDeluxe", "TalkerMakerDeluxe\TalkerMakerDeluxe.csproj", "{D913CF17-3497-4489-A493-C619886D223B}"
EndProject
Project("{9A19103F-16F7-4668-BE54-9A1E7A4F7556}") = "GraphLayout", "GraphLayout\GraphLayout\GraphLayout.csproj", "{FB8364B6-55D2-45B0-B173-E6308C19DD61}"
EndProject
Global
	GlobalSection(SolutionConfigurationPlatforms) = preSolution
		Debug|Any CPU = Debug|Any CPU
		Debug|x64 = Debug|x64
		Release|Any CPU = Release|Any CPU
		Release|x64 = Release|x64
	EndGlobalSection
	GlobalSection(ProjectConfigurationPlatforms) = postSolution
		{88B86170-EC9F-4ACF-B96E-0F97C28F57BA}.Debug|Any CPU.ActiveCfg = Debug|Any CPU
		{88B86170-EC9F-4ACF-B96E-0F97C28F57BA}.Debug|Any CPU.Build.0 = Debug|Any CPU
		{88B86170-EC9F-4ACF-B96E-0F97C28F57BA}.Debug|x64.ActiveCfg = Debug|x64
		{88B86170-EC9F-4ACF-B96E-0F97C28F57BA}.Debug|x64.Build.0 = Debug|x64
		{88B86170-EC9F-4ACF-B96E-0F97C28F57BA}.Release|Any CPU.ActiveCfg = Release|Any CPU
		{88B86170-EC9F-4ACF-B96E-0F97C28F57BA}.Release|Any CPU.Build.0 = Release|Any CPU
		{88B86170-EC9F-4ACF-B96E-0F97C28F57BA}.Release|x64.ActiveCfg = Release|Any CPU
		{88B86170-EC9F-4ACF-B96E-0F97C28F57BA}.Release|x64.Build.0 = Release|Any CPU
		{D913CF17-3497-4489-A493-C619886D223B}.Debug|Any CPU.ActiveCfg = Debug|Any CPU
		{D913CF17-3497-4489-A493-C619886D223B}.Debug|Any CPU.Build.0 = Debug|Any CPU
		{D913CF17-3497-4489-A493-C619886D223B}.Debug|x64.ActiveCfg = Debug|x64
		{D913CF17-3497-4489-A493-C619886D223B}.Debug|x64.Build.0 = Debug|x64
		{D913CF17-3497-4489-A493-C619886D223B}.Release|Any CPU.ActiveCfg = Release|Any CPU
		{D913CF17-3497-4489-A493-C619886D223B}.Release|Any CPU.Build.0 = Release|Any CPU
		{D913CF17-3497-4489-A493-C619886D223B}.Release|x64.ActiveCfg = Release|Any CPU
		{D913CF17-3497-4489-A493-C619886D223B}.Release|x64.Build.0 = Release|Any CPU
		{FB8364B6-55D2-45B0-B173-E6308C19DD61}.Debug|Any CPU.ActiveCfg = Debug|Any CPU
		{FB8364B6-55D2-45B0-B173-E6308C19DD61}.Debug|Any CPU.Build.0 = Debug|Any CPU
		{FB8364B6-55D2-45B0-B173-E6308C19DD61}.Debug|x64.ActiveCfg = Debug|x64
		{FB8364B6-55D2-45B0-B173-E6308C19DD61}.Debug|x64.Build.0 = Debug|x64
		{FB8364B6-55D2-45B0-B173-E6308C19DD61}.Release|Any CPU.ActiveCfg = Release|Any CPU
		{FB8364B6-55D2-45B0-B173-E6308C19DD61}.Release|Any CPU.Build.0 = Release|Any CPU
		{FB8364B6-55D2-45B0-B173-E6308C19DD61}.Release|x64.ActiveCfg = Release|Any CPU
		{FB8364B6-55D2-45B0-B173-E6308C19DD61}.Release|x64.Build.0 = Release|Any CPU
	EndGlobalSection
	GlobalSection(SolutionProperties) = preSolution
		HideSolutionNode = FALSE
	EndGlobalSection
EndGlobal
